
Microsoft Visual Studio Solution File, Format Version 11.00
# Visual Studio 2010
Project("{FAE04EC0-301F-11D3-BF4B-00C04F79EFBC}") = "exeptionHandleP1", "exeptionHandleP1\exeptionHandleP1.csproj", "{5AF09858-4FEF-4571-A41C-1EA67FD2522F}"
EndProject
Global
	GlobalSection(SolutionConfigurationPlatforms) = preSolution
		Debug|x86 = Debug|x86
		Release|x86 = Release|x86
	EndGlobalSection
	GlobalSection(ProjectConfigurationPlatforms) = postSolution
		{5AF09858-4FEF-4571-A41C-1EA67FD2522F}.Debug|x86.ActiveCfg = Debug|x86
		{5AF09858-4FEF-4571-A41C-1EA67FD2522F}.Debug|x86.Build.0 = Debug|x86
		{5AF09858-4FEF-4571-A41C-1EA67FD2522F}.Release|x86.ActiveCfg = Release|x86
		{5AF09858-4FEF-4571-A41C-1EA67FD2522F}.Release|x86.Build.0 = Release|x86
	EndGlobalSection
	GlobalSection(SolutionProperties) = preSolution
		HideSolutionNode = FALSE
	EndGlobalSection
EndGlobal
