
Microsoft Visual Studio Solution File, Format Version 11.00
# Visual Studio 2010
Project("{FAE04EC0-301F-11D3-BF4B-00C04F79EFBC}") = "old enough to drive", "old enough to drive\old enough to drive.csproj", "{64868ACF-0780-4652-B1FF-ECD1F021A15E}"
EndProject
Global
	GlobalSection(SolutionConfigurationPlatforms) = preSolution
		Debug|x86 = Debug|x86
		Release|x86 = Release|x86
	EndGlobalSection
	GlobalSection(ProjectConfigurationPlatforms) = postSolution
		{64868ACF-0780-4652-B1FF-ECD1F021A15E}.Debug|x86.ActiveCfg = Debug|x86
		{64868ACF-0780-4652-B1FF-ECD1F021A15E}.Debug|x86.Build.0 = Debug|x86
		{64868ACF-0780-4652-B1FF-ECD1F021A15E}.Release|x86.ActiveCfg = Release|x86
		{64868ACF-0780-4652-B1FF-ECD1F021A15E}.Release|x86.Build.0 = Release|x86
	EndGlobalSection
	GlobalSection(SolutionProperties) = preSolution
		HideSolutionNode = FALSE
	EndGlobalSection
EndGlobal
