
Microsoft Visual Studio Solution File, Format Version 11.00
# Visual Studio 2010
Project("{FAE04EC0-301F-11D3-BF4B-00C04F79EFBC}") = "Celesius to Fahrenheit", "Celesius to Fahrenheit\Celesius to Fahrenheit.csproj", "{32043CF8-78D2-4055-B9BB-6614CAB5815B}"
EndProject
Global
	GlobalSection(SolutionConfigurationPlatforms) = preSolution
		Debug|x86 = Debug|x86
		Release|x86 = Release|x86
	EndGlobalSection
	GlobalSection(ProjectConfigurationPlatforms) = postSolution
		{32043CF8-78D2-4055-B9BB-6614CAB5815B}.Debug|x86.ActiveCfg = Debug|x86
		{32043CF8-78D2-4055-B9BB-6614CAB5815B}.Debug|x86.Build.0 = Debug|x86
		{32043CF8-78D2-4055-B9BB-6614CAB5815B}.Release|x86.ActiveCfg = Release|x86
		{32043CF8-78D2-4055-B9BB-6614CAB5815B}.Release|x86.Build.0 = Release|x86
	EndGlobalSection
	GlobalSection(SolutionProperties) = preSolution
		HideSolutionNode = FALSE
	EndGlobalSection
EndGlobal
